PODS:
  - Flutter (1.0.0)
  - mathjax_view (0.0.8):
    - Flutter

DEPENDENCIES:
  - Flutter (from `.symlinks/flutter/ios`)
  - mathjax_view (from `.symlinks/plugins/mathjax_view/ios`)

EXTERNAL SOURCES:
  Flutter:
    :path: ".symlinks/flutter/ios"
  mathjax_view:
    :path: ".symlinks/plugins/mathjax_view/ios"

SPEC CHECKSUMS:
  Flutter: 58dd7d1b27887414a370fcccb9e645c08ffd7a6a
  mathjax_view: f008d43d028f04e3c6bc931f9f614bc40463294d

PODFILE CHECKSUM: 628a24b4b395bfa112909813bc6d89d4f9199597

COCOAPODS: 1.6.1
